
Microsoft Visual Studio Solution File, Format Version 12.00
# Visual Studio 15
VisualStudioVersion = 15.0.26430.16
MinimumVisualStudioVersion = 10.0.40219.1
Project("{FAE04EC0-301F-11D3-BF4B-00C04F79EFBC}") = "Uvodni", "ConsoleApp1\Uvodni.csproj", "{31F30331-D9D7-4529-9C4C-B096F2654F21}"
EndProject
Project("{FAE04EC0-301F-11D3-BF4B-00C04F79EFBC}") = "Zbroj", "Zbroj\Zbroj.csproj", "{C72F648D-610F-4C09-90AE-BB2DD90A29D2}"
EndProject
Project("{2150E333-8FDC-42A3-9474-1A3956D46DE8}") = "4.1_Uvod", "4.1_Uvod", "{1CD019B1-6628-4F9D-BE13-AA15FA2AD934}"
EndProject
Project("{FAE04EC0-301F-11D3-BF4B-00C04F79EFBC}") = "Hello", "Hello\Hello.csproj", "{D57B4D9F-C756-4E84-951D-2D56EDE879A7}"
EndProject
Project("{FAE04EC0-301F-11D3-BF4B-00C04F79EFBC}") = "IspisBrojeva", "IspisBrojeva\IspisBrojeva.csproj", "{0CA433EB-B30D-4A93-8401-EC2C8A5BE104}"
EndProject
Project("{2150E333-8FDC-42A3-9474-1A3956D46DE8}") = "5.1_varijable", "5.1_varijable", "{D4D349EF-58D4-4E04-88A2-35FFA5D2EABC}"
EndProject
Project("{FAE04EC0-301F-11D3-BF4B-00C04F79EFBC}") = "zbroj_razlika", "zbroj_razlika\zbroj_razlika.csproj", "{04799DD3-720C-4707-947F-C35FEB76F557}"
EndProject
Project("{2150E333-8FDC-42A3-9474-1A3956D46DE8}") = "5.2_Uvjetno_grananje", "5.2_Uvjetno_grananje", "{19D29F78-F7F0-4D00-8791-9EDF91AE03A6}"
EndProject
Project("{FAE04EC0-301F-11D3-BF4B-00C04F79EFBC}") = "if_primjer", "if_primjer\if_primjer.csproj", "{B115C56C-759C-4FE8-B30A-B5550F650228}"
EndProject
Project("{FAE04EC0-301F-11D3-BF4B-00C04F79EFBC}") = "primjer_5.2.1.2_pozitivan", "primjer_5.2.1.2_pozitivan\primjer_5.2.1.2_pozitivan.csproj", "{FA8A60FB-8C81-4682-8051-5777C41C9AF6}"
EndProject
Project("{FAE04EC0-301F-11D3-BF4B-00C04F79EFBC}") = "primjer_5.2.2.switch", "primjer_5.2.2.switch\primjer_5.2.2.switch.csproj", "{1C42CD6A-A00C-47DC-A9CE-D95B5EEE825F}"
EndProject
Project("{FAE04EC0-301F-11D3-BF4B-00C04F79EFBC}") = "5.2.3.exceptio_primjer", "5.2.3.exceptio_primjer\5.2.3.exceptio_primjer.csproj", "{F452E0A6-FCB3-4519-9F1B-F4E60F7081EB}"
EndProject
Project("{FAE04EC0-301F-11D3-BF4B-00C04F79EFBC}") = "5.2.3_veliki_broj", "5.2.3_veliki_broj\5.2.3_veliki_broj.csproj", "{DB50A5A4-5A5A-4C95-B3EC-38EBB17DA862}"
EndProject
Project("{FAE04EC0-301F-11D3-BF4B-00C04F79EFBC}") = "5.2.4X_znam", "5.2.4X_znam\5.2.4X_znam.csproj", "{5FEBDBA7-105B-468D-9728-FEDB5CF837C2}"
EndProject
Project("{FAE04EC0-301F-11D3-BF4B-00C04F79EFBC}") = "5.2.7_djeljiv_s_4", "5.2.7_djeljiv_s_4\5.2.7_djeljiv_s_4.csproj", "{7A8BB7AC-5964-47F2-9742-1B87911F86FA}"
EndProject
Project("{FAE04EC0-301F-11D3-BF4B-00C04F79EFBC}") = "5.2.9.cjelobrojno_djeljenje", "5.2.9.cjelobrojno_djeljenje\5.2.9.cjelobrojno_djeljenje.csproj", "{FC6AA3BC-1E2F-43B0-BFED-9A19C73EB4D5}"
EndProject
Project("{2150E333-8FDC-42A3-9474-1A3956D46DE8}") = "5.3_ciklicke_petlje", "5.3_ciklicke_petlje", "{5E3AC01F-93EA-4702-BF22-554CCD586169}"
EndProject
Project("{FAE04EC0-301F-11D3-BF4B-00C04F79EFBC}") = "Petlje_primjeri_for", "Petlje_primjeri\Petlje_primjeri_for.csproj", "{D577E4CF-C680-4621-AE2A-8FE8C4855644}"
EndProject
Project("{FAE04EC0-301F-11D3-BF4B-00C04F79EFBC}") = "Petlja_primjeri_while", "Petlja_primjeri_while\Petlja_primjeri_while.csproj", "{9625D979-261C-4547-85F4-114179A82E4B}"
EndProject
Project("{FAE04EC0-301F-11D3-BF4B-00C04F79EFBC}") = "5.3.4._faktorijel", "5.3.4._faktorijel\5.3.4._faktorijel.csproj", "{4E161358-FDB6-496C-80DA-FA3FFE0BB74A}"
EndProject
Project("{FAE04EC0-301F-11D3-BF4B-00C04F79EFBC}") = "5.3.5_djeljivi_u _intervalu_plus_exception", "5.3.5_djeljivi_u _intervalu_plus_exception\5.3.5_djeljivi_u _intervalu_plus_exception.csproj", "{220BBFE6-D2FD-4B78-AA42-33D812A02EE5}"
EndProject
Project("{FAE04EC0-301F-11D3-BF4B-00C04F79EFBC}") = "5.3.8__7-3_koliko", "5.3.8__7-3_koliko\5.3.8__7-3_koliko.csproj", "{E352F302-7FDF-4BE3-915E-1707759022AB}"
EndProject
Project("{2150E333-8FDC-42A3-9474-1A3956D46DE8}") = "6.1_nizovi", "6.1_nizovi", "{3098BAD7-849D-4CAC-98D3-66D75FC1FA02}"
EndProject
Project("{FAE04EC0-301F-11D3-BF4B-00C04F79EFBC}") = "6.1.1_primjer", "6.1.1_primjer\6.1.1_primjer.csproj", "{6D3B9D0C-D355-4320-A84B-C2CEDF44E20A}"
EndProject
Project("{FAE04EC0-301F-11D3-BF4B-00C04F79EFBC}") = "6.2.1.1_arraylist", "6.2.1.1_arraylist\6.2.1.1_arraylist.csproj", "{E2158D1D-BAF7-4221-8ED4-7F3FF05E99FF}"
EndProject
Project("{FAE04EC0-301F-11D3-BF4B-00C04F79EFBC}") = "6.1.2_max_niz", "6.1.2_max_niz\6.1.2_max_niz.csproj", "{31F635F1-09F2-4E7C-81EE-FEFC1465167C}"
EndProject
Project("{FAE04EC0-301F-11D3-BF4B-00C04F79EFBC}") = "6.2.2_primjer_exception", "6.2.2_primjer_exception\6.2.2_primjer_exception.csproj", "{D9F8E1F2-98FF-4017-B0F2-96790CFFFDE4}"
EndProject
Project("{FAE04EC0-301F-11D3-BF4B-00C04F79EFBC}") = "6.2.3_generics", "6.2.3_generics\6.2.3_generics.csproj", "{1B717606-A141-4E9E-811B-D2267712A835}"
EndProject
Project("{FAE04EC0-301F-11D3-BF4B-00C04F79EFBC}") = "6.2.2_zbirka_generics_par_nepar", "6.2.2_zbirka_generics_par_nepar\6.2.2_zbirka_generics_par_nepar.csproj", "{29F4B7A3-6A69-40F8-A478-D9BD3F04FDC8}"
EndProject
Project("{FAE04EC0-301F-11D3-BF4B-00C04F79EFBC}") = "6.2.3_sort", "6.2.3_sort\6.2.3_sort.csproj", "{E3638E1F-AEEC-4C36-BD49-E65BFB20B77B}"
EndProject
Project("{FAE04EC0-301F-11D3-BF4B-00C04F79EFBC}") = "6.2.4_znamenke", "6.2.4_znamenke\6.2.4_znamenke.csproj", "{507AF52F-4770-4035-9A71-C375AAF8B043}"
EndProject
Project("{FAE04EC0-301F-11D3-BF4B-00C04F79EFBC}") = "6.2.5_prosti_faktori", "6.2.5_prosti_faktori\6.2.5_prosti_faktori.csproj", "{27B49F79-8CBF-4BDE-81C5-CCB179CF3054}"
EndProject
Project("{2150E333-8FDC-42A3-9474-1A3956D46DE8}") = "7_procedure(metode)", "7_procedure(metode)", "{9D6C74C1-C488-4C45-B8C6-83D408E07F68}"
EndProject
Project("{FAE04EC0-301F-11D3-BF4B-00C04F79EFBC}") = "7.2_potprogrami", "7.2_potprogrami\7.2_potprogrami.csproj", "{6C789278-8A12-414E-ADBD-EB7488F2DADC}"
EndProject
Project("{FAE04EC0-301F-11D3-BF4B-00C04F79EFBC}") = "7.2.2", "7.2.2\7.2.2.csproj", "{BE9D5816-96C4-47F0-B440-2C56B8B7B804}"
EndProject
Project("{2150E333-8FDC-42A3-9474-1A3956D46DE8}") = "8.1_Objekti", "8.1_Objekti", "{80FCFA57-B002-4FC0-8B09-5324E882E9D2}"
EndProject
Project("{FAE04EC0-301F-11D3-BF4B-00C04F79EFBC}") = "8.1.2_prirucnik", "8.1.2_prirucnik\8.1.2_prirucnik.csproj", "{88D869F4-2AD0-457B-953C-9F734C301A7D}"
EndProject
Project("{FAE04EC0-301F-11D3-BF4B-00C04F79EFBC}") = "8.1.1_proizvod", "8.1.1_proizvod\8.1.1_proizvod.csproj", "{72ACAA1E-3E4E-4B30-9FBD-FB41738DC930}"
EndProject
Project("{FAE04EC0-301F-11D3-BF4B-00C04F79EFBC}") = "8.1.2_Automobil", "8.1.2_Automobil\8.1.2_Automobil.csproj", "{5D2283E7-6504-4D16-8731-5AAB0A07B957}"
EndProject
Project("{FAE04EC0-301F-11D3-BF4B-00C04F79EFBC}") = "8.2.2.1_klucna_rijec_ref", "8.2.2.1_klucna_rijec_ref\8.2.2.1_klucna_rijec_ref.csproj", "{ADA4A867-9C30-4C33-95FC-B3C4B23A9B4E}"
EndProject
Project("{FAE04EC0-301F-11D3-BF4B-00C04F79EFBC}") = "8.2.2.2_klucna_rijec_out", "8.2.2.2_klucna_rijec_out\8.2.2.2_klucna_rijec_out.csproj", "{B72BDF17-83BB-488C-809A-BFDA5503B916}"
EndProject
Project("{2150E333-8FDC-42A3-9474-1A3956D46DE8}") = "8.5_dogadjaji", "8.5_dogadjaji", "{110A3B7C-93A8-417E-91B8-F275E0E0448D}"
EndProject
Project("{FAE04EC0-301F-11D3-BF4B-00C04F79EFBC}") = "8.5.1_dogadjaji_primjer", "8.5.1_dogadjaji_primjer\8.5.1_dogadjaji_primjer.csproj", "{ABF19B7F-4352-498C-8907-E417F2F40681}"
EndProject
Project("{2150E333-8FDC-42A3-9474-1A3956D46DE8}") = "9.1_rad_s_tekstom", "9.1_rad_s_tekstom", "{E985A5F2-25AA-4529-B018-8255A1432107}"
EndProject
Project("{FAE04EC0-301F-11D3-BF4B-00C04F79EFBC}") = "9.1.1__17_manipulacija", "9.1.1__17_manipulacija\9.1.1__17_manipulacija.csproj", "{B5AB2531-EB85-498C-B718-E73FEB95EF1D}"
EndProject
Project("{2150E333-8FDC-42A3-9474-1A3956D46DE8}") = "10.1_datoteke", "10.1_datoteke", "{03F62BD2-9647-4EF5-B580-D74D7487F1F4}"
EndProject
Project("{FAE04EC0-301F-11D3-BF4B-00C04F79EFBC}") = "10.1.1_datoteke", "10.1.1_datoteke\10.1.1_datoteke.csproj", "{1E61A775-BAED-4E03-8542-7F8D94CD1F70}"
EndProject
Project("{FAE04EC0-301F-11D3-BF4B-00C04F79EFBC}") = "10.1.2_Path_File_Directory", "10.1.2_Path_File_Directory\10.1.2_Path_File_Directory.csproj", "{B10E7EA2-9F56-4163-BB8F-C4506EA37E0E}"
EndProject
Project("{FAE04EC0-301F-11D3-BF4B-00C04F79EFBC}") = "10.1.2_3_7", "10.1.2_3_7\10.1.2_3_7.csproj", "{8D1363E6-35C0-4579-ABE7-371CA209006D}"
EndProject
Project("{FAE04EC0-301F-11D3-BF4B-00C04F79EFBC}") = "obrnuto", "obrnuto\obrnuto.csproj", "{18A37981-D083-4DF2-BD9D-56E427AA064A}"
EndProject
Project("{FAE04EC0-301F-11D3-BF4B-00C04F79EFBC}") = "unos brojeva", "unos brojeva\unos brojeva.csproj", "{26404F70-B654-4C3F-8525-D591377AFC3F}"
EndProject
Project("{2150E333-8FDC-42A3-9474-1A3956D46DE8}") = "12.1_datetime", "12.1_datetime", "{B0D76B39-C0DE-45B4-BD82-9BB97D6A5748}"
EndProject
Project("{FAE04EC0-301F-11D3-BF4B-00C04F79EFBC}") = "stoperica", "stoperica\stoperica.csproj", "{F10647EF-56F1-44DF-87F8-CEFE812EC184}"
EndProject
Project("{FAE04EC0-301F-11D3-BF4B-00C04F79EFBC}") = "11.2.2_datumski_podaci", "11.2.2_datumski_podaci\11.2.2_datumski_podaci.csproj", "{EE12F75A-B11D-4995-A8F5-C73215252F4D}"
EndProject
Project("{2150E333-8FDC-42A3-9474-1A3956D46DE8}") = "14.1_ponavljanje gradiva", "14.1_ponavljanje gradiva", "{3375795E-C2F7-4641-8002-5EB3DCE27C02}"
EndProject
Project("{FAE04EC0-301F-11D3-BF4B-00C04F79EFBC}") = "14.1_racun", "14.1_racun\14.1_racun.csproj", "{9755D864-3CB7-4654-9540-A2865FD6A4DC}"
EndProject
Project("{2150E333-8FDC-42A3-9474-1A3956D46DE8}") = "Ispit", "Ispit", "{38FE2882-669B-4E24-83D1-644122D189D5}"
EndProject
Project("{FAE04EC0-301F-11D3-BF4B-00C04F79EFBC}") = "zadatak_1_unos_prirodnog_broja", "zadatak_1_unos_prirodnog_broja\zadatak_1_unos_prirodnog_broja.csproj", "{EBEBBD05-62F9-4E8A-BAAD-E1949F698CC9}"
EndProject
Project("{FAE04EC0-301F-11D3-BF4B-00C04F79EFBC}") = "zadatak_2_unos_rijeci", "zadatak_2_unos_rijeci\zadatak_2_unos_rijeci.csproj", "{3A6C0055-39FD-4ACD-8F21-6EB1A04283B9}"
EndProject
Project("{FAE04EC0-301F-11D3-BF4B-00C04F79EFBC}") = "zadatak_3_klasa_automobil", "3_klasa_automobil\zadatak_3_klasa_automobil.csproj", "{6D284F75-B062-4BC6-A61D-5D11AB44BBB0}"
EndProject
Global
	GlobalSection(SolutionConfigurationPlatforms) = preSolution
		Debug|Any CPU = Debug|Any CPU
		Release|Any CPU = Release|Any CPU
	EndGlobalSection
	GlobalSection(ProjectConfigurationPlatforms) = postSolution
		{31F30331-D9D7-4529-9C4C-B096F2654F21}.Debug|Any CPU.ActiveCfg = Debug|Any CPU
		{31F30331-D9D7-4529-9C4C-B096F2654F21}.Debug|Any CPU.Build.0 = Debug|Any CPU
		{31F30331-D9D7-4529-9C4C-B096F2654F21}.Release|Any CPU.ActiveCfg = Release|Any CPU
		{31F30331-D9D7-4529-9C4C-B096F2654F21}.Release|Any CPU.Build.0 = Release|Any CPU
		{C72F648D-610F-4C09-90AE-BB2DD90A29D2}.Debug|Any CPU.ActiveCfg = Debug|Any CPU
		{C72F648D-610F-4C09-90AE-BB2DD90A29D2}.Debug|Any CPU.Build.0 = Debug|Any CPU
		{C72F648D-610F-4C09-90AE-BB2DD90A29D2}.Release|Any CPU.ActiveCfg = Release|Any CPU
		{C72F648D-610F-4C09-90AE-BB2DD90A29D2}.Release|Any CPU.Build.0 = Release|Any CPU
		{D57B4D9F-C756-4E84-951D-2D56EDE879A7}.Debug|Any CPU.ActiveCfg = Debug|Any CPU
		{D57B4D9F-C756-4E84-951D-2D56EDE879A7}.Debug|Any CPU.Build.0 = Debug|Any CPU
		{D57B4D9F-C756-4E84-951D-2D56EDE879A7}.Release|Any CPU.ActiveCfg = Release|Any CPU
		{D57B4D9F-C756-4E84-951D-2D56EDE879A7}.Release|Any CPU.Build.0 = Release|Any CPU
		{0CA433EB-B30D-4A93-8401-EC2C8A5BE104}.Debug|Any CPU.ActiveCfg = Debug|Any CPU
		{0CA433EB-B30D-4A93-8401-EC2C8A5BE104}.Debug|Any CPU.Build.0 = Debug|Any CPU
		{0CA433EB-B30D-4A93-8401-EC2C8A5BE104}.Release|Any CPU.ActiveCfg = Release|Any CPU
		{0CA433EB-B30D-4A93-8401-EC2C8A5BE104}.Release|Any CPU.Build.0 = Release|Any CPU
		{04799DD3-720C-4707-947F-C35FEB76F557}.Debug|Any CPU.ActiveCfg = Debug|Any CPU
		{04799DD3-720C-4707-947F-C35FEB76F557}.Debug|Any CPU.Build.0 = Debug|Any CPU
		{04799DD3-720C-4707-947F-C35FEB76F557}.Release|Any CPU.ActiveCfg = Release|Any CPU
		{04799DD3-720C-4707-947F-C35FEB76F557}.Release|Any CPU.Build.0 = Release|Any CPU
		{B115C56C-759C-4FE8-B30A-B5550F650228}.Debug|Any CPU.ActiveCfg = Debug|Any CPU
		{B115C56C-759C-4FE8-B30A-B5550F650228}.Debug|Any CPU.Build.0 = Debug|Any CPU
		{B115C56C-759C-4FE8-B30A-B5550F650228}.Release|Any CPU.ActiveCfg = Release|Any CPU
		{B115C56C-759C-4FE8-B30A-B5550F650228}.Release|Any CPU.Build.0 = Release|Any CPU
		{FA8A60FB-8C81-4682-8051-5777C41C9AF6}.Debug|Any CPU.ActiveCfg = Debug|Any CPU
		{FA8A60FB-8C81-4682-8051-5777C41C9AF6}.Debug|Any CPU.Build.0 = Debug|Any CPU
		{FA8A60FB-8C81-4682-8051-5777C41C9AF6}.Release|Any CPU.ActiveCfg = Release|Any CPU
		{FA8A60FB-8C81-4682-8051-5777C41C9AF6}.Release|Any CPU.Build.0 = Release|Any CPU
		{1C42CD6A-A00C-47DC-A9CE-D95B5EEE825F}.Debug|Any CPU.ActiveCfg = Debug|Any CPU
		{1C42CD6A-A00C-47DC-A9CE-D95B5EEE825F}.Debug|Any CPU.Build.0 = Debug|Any CPU
		{1C42CD6A-A00C-47DC-A9CE-D95B5EEE825F}.Release|Any CPU.ActiveCfg = Release|Any CPU
		{1C42CD6A-A00C-47DC-A9CE-D95B5EEE825F}.Release|Any CPU.Build.0 = Release|Any CPU
		{F452E0A6-FCB3-4519-9F1B-F4E60F7081EB}.Debug|Any CPU.ActiveCfg = Debug|Any CPU
		{F452E0A6-FCB3-4519-9F1B-F4E60F7081EB}.Debug|Any CPU.Build.0 = Debug|Any CPU
		{F452E0A6-FCB3-4519-9F1B-F4E60F7081EB}.Release|Any CPU.ActiveCfg = Release|Any CPU
		{F452E0A6-FCB3-4519-9F1B-F4E60F7081EB}.Release|Any CPU.Build.0 = Release|Any CPU
		{DB50A5A4-5A5A-4C95-B3EC-38EBB17DA862}.Debug|Any CPU.ActiveCfg = Debug|Any CPU
		{DB50A5A4-5A5A-4C95-B3EC-38EBB17DA862}.Debug|Any CPU.Build.0 = Debug|Any CPU
		{DB50A5A4-5A5A-4C95-B3EC-38EBB17DA862}.Release|Any CPU.ActiveCfg = Release|Any CPU
		{DB50A5A4-5A5A-4C95-B3EC-38EBB17DA862}.Release|Any CPU.Build.0 = Release|Any CPU
		{5FEBDBA7-105B-468D-9728-FEDB5CF837C2}.Debug|Any CPU.ActiveCfg = Debug|Any CPU
		{5FEBDBA7-105B-468D-9728-FEDB5CF837C2}.Debug|Any CPU.Build.0 = Debug|Any CPU
		{5FEBDBA7-105B-468D-9728-FEDB5CF837C2}.Release|Any CPU.ActiveCfg = Release|Any CPU
		{5FEBDBA7-105B-468D-9728-FEDB5CF837C2}.Release|Any CPU.Build.0 = Release|Any CPU
		{7A8BB7AC-5964-47F2-9742-1B87911F86FA}.Debug|Any CPU.ActiveCfg = Debug|Any CPU
		{7A8BB7AC-5964-47F2-9742-1B87911F86FA}.Debug|Any CPU.Build.0 = Debug|Any CPU
		{7A8BB7AC-5964-47F2-9742-1B87911F86FA}.Release|Any CPU.ActiveCfg = Release|Any CPU
		{7A8BB7AC-5964-47F2-9742-1B87911F86FA}.Release|Any CPU.Build.0 = Release|Any CPU
		{FC6AA3BC-1E2F-43B0-BFED-9A19C73EB4D5}.Debug|Any CPU.ActiveCfg = Debug|Any CPU
		{FC6AA3BC-1E2F-43B0-BFED-9A19C73EB4D5}.Debug|Any CPU.Build.0 = Debug|Any CPU
		{FC6AA3BC-1E2F-43B0-BFED-9A19C73EB4D5}.Release|Any CPU.ActiveCfg = Release|Any CPU
		{FC6AA3BC-1E2F-43B0-BFED-9A19C73EB4D5}.Release|Any CPU.Build.0 = Release|Any CPU
		{D577E4CF-C680-4621-AE2A-8FE8C4855644}.Debug|Any CPU.ActiveCfg = Debug|Any CPU
		{D577E4CF-C680-4621-AE2A-8FE8C4855644}.Debug|Any CPU.Build.0 = Debug|Any CPU
		{D577E4CF-C680-4621-AE2A-8FE8C4855644}.Release|Any CPU.ActiveCfg = Release|Any CPU
		{D577E4CF-C680-4621-AE2A-8FE8C4855644}.Release|Any CPU.Build.0 = Release|Any CPU
		{9625D979-261C-4547-85F4-114179A82E4B}.Debug|Any CPU.ActiveCfg = Debug|Any CPU
		{9625D979-261C-4547-85F4-114179A82E4B}.Debug|Any CPU.Build.0 = Debug|Any CPU
		{9625D979-261C-4547-85F4-114179A82E4B}.Release|Any CPU.ActiveCfg = Release|Any CPU
		{9625D979-261C-4547-85F4-114179A82E4B}.Release|Any CPU.Build.0 = Release|Any CPU
		{4E161358-FDB6-496C-80DA-FA3FFE0BB74A}.Debug|Any CPU.ActiveCfg = Debug|Any CPU
		{4E161358-FDB6-496C-80DA-FA3FFE0BB74A}.Debug|Any CPU.Build.0 = Debug|Any CPU
		{4E161358-FDB6-496C-80DA-FA3FFE0BB74A}.Release|Any CPU.ActiveCfg = Release|Any CPU
		{4E161358-FDB6-496C-80DA-FA3FFE0BB74A}.Release|Any CPU.Build.0 = Release|Any CPU
		{220BBFE6-D2FD-4B78-AA42-33D812A02EE5}.Debug|Any CPU.ActiveCfg = Debug|Any CPU
		{220BBFE6-D2FD-4B78-AA42-33D812A02EE5}.Debug|Any CPU.Build.0 = Debug|Any CPU
		{220BBFE6-D2FD-4B78-AA42-33D812A02EE5}.Release|Any CPU.ActiveCfg = Release|Any CPU
		{220BBFE6-D2FD-4B78-AA42-33D812A02EE5}.Release|Any CPU.Build.0 = Release|Any CPU
		{E352F302-7FDF-4BE3-915E-1707759022AB}.Debug|Any CPU.ActiveCfg = Debug|Any CPU
		{E352F302-7FDF-4BE3-915E-1707759022AB}.Debug|Any CPU.Build.0 = Debug|Any CPU
		{E352F302-7FDF-4BE3-915E-1707759022AB}.Release|Any CPU.ActiveCfg = Release|Any CPU
		{E352F302-7FDF-4BE3-915E-1707759022AB}.Release|Any CPU.Build.0 = Release|Any CPU
		{6D3B9D0C-D355-4320-A84B-C2CEDF44E20A}.Debug|Any CPU.ActiveCfg = Debug|Any CPU
		{6D3B9D0C-D355-4320-A84B-C2CEDF44E20A}.Debug|Any CPU.Build.0 = Debug|Any CPU
		{6D3B9D0C-D355-4320-A84B-C2CEDF44E20A}.Release|Any CPU.ActiveCfg = Release|Any CPU
		{6D3B9D0C-D355-4320-A84B-C2CEDF44E20A}.Release|Any CPU.Build.0 = Release|Any CPU
		{E2158D1D-BAF7-4221-8ED4-7F3FF05E99FF}.Debug|Any CPU.ActiveCfg = Debug|Any CPU
		{E2158D1D-BAF7-4221-8ED4-7F3FF05E99FF}.Debug|Any CPU.Build.0 = Debug|Any CPU
		{E2158D1D-BAF7-4221-8ED4-7F3FF05E99FF}.Release|Any CPU.ActiveCfg = Release|Any CPU
		{E2158D1D-BAF7-4221-8ED4-7F3FF05E99FF}.Release|Any CPU.Build.0 = Release|Any CPU
		{31F635F1-09F2-4E7C-81EE-FEFC1465167C}.Debug|Any CPU.ActiveCfg = Debug|Any CPU
		{31F635F1-09F2-4E7C-81EE-FEFC1465167C}.Debug|Any CPU.Build.0 = Debug|Any CPU
		{31F635F1-09F2-4E7C-81EE-FEFC1465167C}.Release|Any CPU.ActiveCfg = Release|Any CPU
		{31F635F1-09F2-4E7C-81EE-FEFC1465167C}.Release|Any CPU.Build.0 = Release|Any CPU
		{D9F8E1F2-98FF-4017-B0F2-96790CFFFDE4}.Debug|Any CPU.ActiveCfg = Debug|Any CPU
		{D9F8E1F2-98FF-4017-B0F2-96790CFFFDE4}.Debug|Any CPU.Build.0 = Debug|Any CPU
		{D9F8E1F2-98FF-4017-B0F2-96790CFFFDE4}.Release|Any CPU.ActiveCfg = Release|Any CPU
		{D9F8E1F2-98FF-4017-B0F2-96790CFFFDE4}.Release|Any CPU.Build.0 = Release|Any CPU
		{1B717606-A141-4E9E-811B-D2267712A835}.Debug|Any CPU.ActiveCfg = Debug|Any CPU
		{1B717606-A141-4E9E-811B-D2267712A835}.Debug|Any CPU.Build.0 = Debug|Any CPU
		{1B717606-A141-4E9E-811B-D2267712A835}.Release|Any CPU.ActiveCfg = Release|Any CPU
		{1B717606-A141-4E9E-811B-D2267712A835}.Release|Any CPU.Build.0 = Release|Any CPU
		{29F4B7A3-6A69-40F8-A478-D9BD3F04FDC8}.Debug|Any CPU.ActiveCfg = Debug|Any CPU
		{29F4B7A3-6A69-40F8-A478-D9BD3F04FDC8}.Debug|Any CPU.Build.0 = Debug|Any CPU
		{29F4B7A3-6A69-40F8-A478-D9BD3F04FDC8}.Release|Any CPU.ActiveCfg = Release|Any CPU
		{29F4B7A3-6A69-40F8-A478-D9BD3F04FDC8}.Release|Any CPU.Build.0 = Release|Any CPU
		{E3638E1F-AEEC-4C36-BD49-E65BFB20B77B}.Debug|Any CPU.ActiveCfg = Debug|Any CPU
		{E3638E1F-AEEC-4C36-BD49-E65BFB20B77B}.Debug|Any CPU.Build.0 = Debug|Any CPU
		{E3638E1F-AEEC-4C36-BD49-E65BFB20B77B}.Release|Any CPU.ActiveCfg = Release|Any CPU
		{E3638E1F-AEEC-4C36-BD49-E65BFB20B77B}.Release|Any CPU.Build.0 = Release|Any CPU
		{507AF52F-4770-4035-9A71-C375AAF8B043}.Debug|Any CPU.ActiveCfg = Debug|Any CPU
		{507AF52F-4770-4035-9A71-C375AAF8B043}.Debug|Any CPU.Build.0 = Debug|Any CPU
		{507AF52F-4770-4035-9A71-C375AAF8B043}.Release|Any CPU.ActiveCfg = Release|Any CPU
		{507AF52F-4770-4035-9A71-C375AAF8B043}.Release|Any CPU.Build.0 = Release|Any CPU
		{27B49F79-8CBF-4BDE-81C5-CCB179CF3054}.Debug|Any CPU.ActiveCfg = Debug|Any CPU
		{27B49F79-8CBF-4BDE-81C5-CCB179CF3054}.Debug|Any CPU.Build.0 = Debug|Any CPU
		{27B49F79-8CBF-4BDE-81C5-CCB179CF3054}.Release|Any CPU.ActiveCfg = Release|Any CPU
		{27B49F79-8CBF-4BDE-81C5-CCB179CF3054}.Release|Any CPU.Build.0 = Release|Any CPU
		{6C789278-8A12-414E-ADBD-EB7488F2DADC}.Debug|Any CPU.ActiveCfg = Debug|Any CPU
		{6C789278-8A12-414E-ADBD-EB7488F2DADC}.Debug|Any CPU.Build.0 = Debug|Any CPU
		{6C789278-8A12-414E-ADBD-EB7488F2DADC}.Release|Any CPU.ActiveCfg = Release|Any CPU
		{6C789278-8A12-414E-ADBD-EB7488F2DADC}.Release|Any CPU.Build.0 = Release|Any CPU
		{BE9D5816-96C4-47F0-B440-2C56B8B7B804}.Debug|Any CPU.ActiveCfg = Debug|Any CPU
		{BE9D5816-96C4-47F0-B440-2C56B8B7B804}.Debug|Any CPU.Build.0 = Debug|Any CPU
		{BE9D5816-96C4-47F0-B440-2C56B8B7B804}.Release|Any CPU.ActiveCfg = Release|Any CPU
		{BE9D5816-96C4-47F0-B440-2C56B8B7B804}.Release|Any CPU.Build.0 = Release|Any CPU
		{88D869F4-2AD0-457B-953C-9F734C301A7D}.Debug|Any CPU.ActiveCfg = Debug|Any CPU
		{88D869F4-2AD0-457B-953C-9F734C301A7D}.Debug|Any CPU.Build.0 = Debug|Any CPU
		{88D869F4-2AD0-457B-953C-9F734C301A7D}.Release|Any CPU.ActiveCfg = Release|Any CPU
		{88D869F4-2AD0-457B-953C-9F734C301A7D}.Release|Any CPU.Build.0 = Release|Any CPU
		{72ACAA1E-3E4E-4B30-9FBD-FB41738DC930}.Debug|Any CPU.ActiveCfg = Debug|Any CPU
		{72ACAA1E-3E4E-4B30-9FBD-FB41738DC930}.Debug|Any CPU.Build.0 = Debug|Any CPU
		{72ACAA1E-3E4E-4B30-9FBD-FB41738DC930}.Release|Any CPU.ActiveCfg = Release|Any CPU
		{72ACAA1E-3E4E-4B30-9FBD-FB41738DC930}.Release|Any CPU.Build.0 = Release|Any CPU
		{5D2283E7-6504-4D16-8731-5AAB0A07B957}.Debug|Any CPU.ActiveCfg = Debug|Any CPU
		{5D2283E7-6504-4D16-8731-5AAB0A07B957}.Debug|Any CPU.Build.0 = Debug|Any CPU
		{5D2283E7-6504-4D16-8731-5AAB0A07B957}.Release|Any CPU.ActiveCfg = Release|Any CPU
		{5D2283E7-6504-4D16-8731-5AAB0A07B957}.Release|Any CPU.Build.0 = Release|Any CPU
		{ADA4A867-9C30-4C33-95FC-B3C4B23A9B4E}.Debug|Any CPU.ActiveCfg = Debug|Any CPU
		{ADA4A867-9C30-4C33-95FC-B3C4B23A9B4E}.Debug|Any CPU.Build.0 = Debug|Any CPU
		{ADA4A867-9C30-4C33-95FC-B3C4B23A9B4E}.Release|Any CPU.ActiveCfg = Release|Any CPU
		{ADA4A867-9C30-4C33-95FC-B3C4B23A9B4E}.Release|Any CPU.Build.0 = Release|Any CPU
		{B72BDF17-83BB-488C-809A-BFDA5503B916}.Debug|Any CPU.ActiveCfg = Debug|Any CPU
		{B72BDF17-83BB-488C-809A-BFDA5503B916}.Debug|Any CPU.Build.0 = Debug|Any CPU
		{B72BDF17-83BB-488C-809A-BFDA5503B916}.Release|Any CPU.ActiveCfg = Release|Any CPU
		{B72BDF17-83BB-488C-809A-BFDA5503B916}.Release|Any CPU.Build.0 = Release|Any CPU
		{ABF19B7F-4352-498C-8907-E417F2F40681}.Debug|Any CPU.ActiveCfg = Debug|Any CPU
		{ABF19B7F-4352-498C-8907-E417F2F40681}.Debug|Any CPU.Build.0 = Debug|Any CPU
		{ABF19B7F-4352-498C-8907-E417F2F40681}.Release|Any CPU.ActiveCfg = Release|Any CPU
		{ABF19B7F-4352-498C-8907-E417F2F40681}.Release|Any CPU.Build.0 = Release|Any CPU
		{B5AB2531-EB85-498C-B718-E73FEB95EF1D}.Debug|Any CPU.ActiveCfg = Debug|Any CPU
		{B5AB2531-EB85-498C-B718-E73FEB95EF1D}.Debug|Any CPU.Build.0 = Debug|Any CPU
		{B5AB2531-EB85-498C-B718-E73FEB95EF1D}.Release|Any CPU.ActiveCfg = Release|Any CPU
		{B5AB2531-EB85-498C-B718-E73FEB95EF1D}.Release|Any CPU.Build.0 = Release|Any CPU
		{1E61A775-BAED-4E03-8542-7F8D94CD1F70}.Debug|Any CPU.ActiveCfg = Debug|Any CPU
		{1E61A775-BAED-4E03-8542-7F8D94CD1F70}.Debug|Any CPU.Build.0 = Debug|Any CPU
		{1E61A775-BAED-4E03-8542-7F8D94CD1F70}.Release|Any CPU.ActiveCfg = Release|Any CPU
		{1E61A775-BAED-4E03-8542-7F8D94CD1F70}.Release|Any CPU.Build.0 = Release|Any CPU
		{B10E7EA2-9F56-4163-BB8F-C4506EA37E0E}.Debug|Any CPU.ActiveCfg = Debug|Any CPU
		{B10E7EA2-9F56-4163-BB8F-C4506EA37E0E}.Debug|Any CPU.Build.0 = Debug|Any CPU
		{B10E7EA2-9F56-4163-BB8F-C4506EA37E0E}.Release|Any CPU.ActiveCfg = Release|Any CPU
		{B10E7EA2-9F56-4163-BB8F-C4506EA37E0E}.Release|Any CPU.Build.0 = Release|Any CPU
		{8D1363E6-35C0-4579-ABE7-371CA209006D}.Debug|Any CPU.ActiveCfg = Debug|Any CPU
		{8D1363E6-35C0-4579-ABE7-371CA209006D}.Debug|Any CPU.Build.0 = Debug|Any CPU
		{8D1363E6-35C0-4579-ABE7-371CA209006D}.Release|Any CPU.ActiveCfg = Release|Any CPU
		{8D1363E6-35C0-4579-ABE7-371CA209006D}.Release|Any CPU.Build.0 = Release|Any CPU
		{18A37981-D083-4DF2-BD9D-56E427AA064A}.Debug|Any CPU.ActiveCfg = Debug|Any CPU
		{18A37981-D083-4DF2-BD9D-56E427AA064A}.Debug|Any CPU.Build.0 = Debug|Any CPU
		{18A37981-D083-4DF2-BD9D-56E427AA064A}.Release|Any CPU.ActiveCfg = Release|Any CPU
		{18A37981-D083-4DF2-BD9D-56E427AA064A}.Release|Any CPU.Build.0 = Release|Any CPU
		{26404F70-B654-4C3F-8525-D591377AFC3F}.Debug|Any CPU.ActiveCfg = Debug|Any CPU
		{26404F70-B654-4C3F-8525-D591377AFC3F}.Debug|Any CPU.Build.0 = Debug|Any CPU
		{26404F70-B654-4C3F-8525-D591377AFC3F}.Release|Any CPU.ActiveCfg = Release|Any CPU
		{26404F70-B654-4C3F-8525-D591377AFC3F}.Release|Any CPU.Build.0 = Release|Any CPU
		{F10647EF-56F1-44DF-87F8-CEFE812EC184}.Debug|Any CPU.ActiveCfg = Debug|Any CPU
		{F10647EF-56F1-44DF-87F8-CEFE812EC184}.Debug|Any CPU.Build.0 = Debug|Any CPU
		{F10647EF-56F1-44DF-87F8-CEFE812EC184}.Release|Any CPU.ActiveCfg = Release|Any CPU
		{F10647EF-56F1-44DF-87F8-CEFE812EC184}.Release|Any CPU.Build.0 = Release|Any CPU
		{EE12F75A-B11D-4995-A8F5-C73215252F4D}.Debug|Any CPU.ActiveCfg = Debug|Any CPU
		{EE12F75A-B11D-4995-A8F5-C73215252F4D}.Debug|Any CPU.Build.0 = Debug|Any CPU
		{EE12F75A-B11D-4995-A8F5-C73215252F4D}.Release|Any CPU.ActiveCfg = Release|Any CPU
		{EE12F75A-B11D-4995-A8F5-C73215252F4D}.Release|Any CPU.Build.0 = Release|Any CPU
		{9755D864-3CB7-4654-9540-A2865FD6A4DC}.Debug|Any CPU.ActiveCfg = Debug|Any CPU
		{9755D864-3CB7-4654-9540-A2865FD6A4DC}.Debug|Any CPU.Build.0 = Debug|Any CPU
		{9755D864-3CB7-4654-9540-A2865FD6A4DC}.Release|Any CPU.ActiveCfg = Release|Any CPU
		{9755D864-3CB7-4654-9540-A2865FD6A4DC}.Release|Any CPU.Build.0 = Release|Any CPU
		{EBEBBD05-62F9-4E8A-BAAD-E1949F698CC9}.Debug|Any CPU.ActiveCfg = Debug|Any CPU
		{EBEBBD05-62F9-4E8A-BAAD-E1949F698CC9}.Debug|Any CPU.Build.0 = Debug|Any CPU
		{EBEBBD05-62F9-4E8A-BAAD-E1949F698CC9}.Release|Any CPU.ActiveCfg = Release|Any CPU
		{EBEBBD05-62F9-4E8A-BAAD-E1949F698CC9}.Release|Any CPU.Build.0 = Release|Any CPU
		{3A6C0055-39FD-4ACD-8F21-6EB1A04283B9}.Debug|Any CPU.ActiveCfg = Debug|Any CPU
		{3A6C0055-39FD-4ACD-8F21-6EB1A04283B9}.Debug|Any CPU.Build.0 = Debug|Any CPU
		{3A6C0055-39FD-4ACD-8F21-6EB1A04283B9}.Release|Any CPU.ActiveCfg = Release|Any CPU
		{3A6C0055-39FD-4ACD-8F21-6EB1A04283B9}.Release|Any CPU.Build.0 = Release|Any CPU
		{6D284F75-B062-4BC6-A61D-5D11AB44BBB0}.Debug|Any CPU.ActiveCfg = Debug|Any CPU
		{6D284F75-B062-4BC6-A61D-5D11AB44BBB0}.Debug|Any CPU.Build.0 = Debug|Any CPU
		{6D284F75-B062-4BC6-A61D-5D11AB44BBB0}.Release|Any CPU.ActiveCfg = Release|Any CPU
		{6D284F75-B062-4BC6-A61D-5D11AB44BBB0}.Release|Any CPU.Build.0 = Release|Any CPU
	EndGlobalSection
	GlobalSection(SolutionProperties) = preSolution
		HideSolutionNode = FALSE
	EndGlobalSection
	GlobalSection(NestedProjects) = preSolution
		{D57B4D9F-C756-4E84-951D-2D56EDE879A7} = {1CD019B1-6628-4F9D-BE13-AA15FA2AD934}
		{0CA433EB-B30D-4A93-8401-EC2C8A5BE104} = {1CD019B1-6628-4F9D-BE13-AA15FA2AD934}
		{04799DD3-720C-4707-947F-C35FEB76F557} = {D4D349EF-58D4-4E04-88A2-35FFA5D2EABC}
		{B115C56C-759C-4FE8-B30A-B5550F650228} = {19D29F78-F7F0-4D00-8791-9EDF91AE03A6}
		{FA8A60FB-8C81-4682-8051-5777C41C9AF6} = {19D29F78-F7F0-4D00-8791-9EDF91AE03A6}
		{1C42CD6A-A00C-47DC-A9CE-D95B5EEE825F} = {19D29F78-F7F0-4D00-8791-9EDF91AE03A6}
		{F452E0A6-FCB3-4519-9F1B-F4E60F7081EB} = {19D29F78-F7F0-4D00-8791-9EDF91AE03A6}
		{DB50A5A4-5A5A-4C95-B3EC-38EBB17DA862} = {19D29F78-F7F0-4D00-8791-9EDF91AE03A6}
		{5FEBDBA7-105B-468D-9728-FEDB5CF837C2} = {19D29F78-F7F0-4D00-8791-9EDF91AE03A6}
		{7A8BB7AC-5964-47F2-9742-1B87911F86FA} = {19D29F78-F7F0-4D00-8791-9EDF91AE03A6}
		{FC6AA3BC-1E2F-43B0-BFED-9A19C73EB4D5} = {19D29F78-F7F0-4D00-8791-9EDF91AE03A6}
		{D577E4CF-C680-4621-AE2A-8FE8C4855644} = {5E3AC01F-93EA-4702-BF22-554CCD586169}
		{9625D979-261C-4547-85F4-114179A82E4B} = {5E3AC01F-93EA-4702-BF22-554CCD586169}
		{4E161358-FDB6-496C-80DA-FA3FFE0BB74A} = {5E3AC01F-93EA-4702-BF22-554CCD586169}
		{220BBFE6-D2FD-4B78-AA42-33D812A02EE5} = {5E3AC01F-93EA-4702-BF22-554CCD586169}
		{E352F302-7FDF-4BE3-915E-1707759022AB} = {5E3AC01F-93EA-4702-BF22-554CCD586169}
		{6D3B9D0C-D355-4320-A84B-C2CEDF44E20A} = {3098BAD7-849D-4CAC-98D3-66D75FC1FA02}
		{E2158D1D-BAF7-4221-8ED4-7F3FF05E99FF} = {3098BAD7-849D-4CAC-98D3-66D75FC1FA02}
		{31F635F1-09F2-4E7C-81EE-FEFC1465167C} = {3098BAD7-849D-4CAC-98D3-66D75FC1FA02}
		{D9F8E1F2-98FF-4017-B0F2-96790CFFFDE4} = {3098BAD7-849D-4CAC-98D3-66D75FC1FA02}
		{1B717606-A141-4E9E-811B-D2267712A835} = {3098BAD7-849D-4CAC-98D3-66D75FC1FA02}
		{29F4B7A3-6A69-40F8-A478-D9BD3F04FDC8} = {3098BAD7-849D-4CAC-98D3-66D75FC1FA02}
		{E3638E1F-AEEC-4C36-BD49-E65BFB20B77B} = {3098BAD7-849D-4CAC-98D3-66D75FC1FA02}
		{507AF52F-4770-4035-9A71-C375AAF8B043} = {3098BAD7-849D-4CAC-98D3-66D75FC1FA02}
		{27B49F79-8CBF-4BDE-81C5-CCB179CF3054} = {3098BAD7-849D-4CAC-98D3-66D75FC1FA02}
		{6C789278-8A12-414E-ADBD-EB7488F2DADC} = {9D6C74C1-C488-4C45-B8C6-83D408E07F68}
		{BE9D5816-96C4-47F0-B440-2C56B8B7B804} = {9D6C74C1-C488-4C45-B8C6-83D408E07F68}
		{88D869F4-2AD0-457B-953C-9F734C301A7D} = {80FCFA57-B002-4FC0-8B09-5324E882E9D2}
		{72ACAA1E-3E4E-4B30-9FBD-FB41738DC930} = {80FCFA57-B002-4FC0-8B09-5324E882E9D2}
		{5D2283E7-6504-4D16-8731-5AAB0A07B957} = {80FCFA57-B002-4FC0-8B09-5324E882E9D2}
		{ADA4A867-9C30-4C33-95FC-B3C4B23A9B4E} = {80FCFA57-B002-4FC0-8B09-5324E882E9D2}
		{B72BDF17-83BB-488C-809A-BFDA5503B916} = {80FCFA57-B002-4FC0-8B09-5324E882E9D2}
		{ABF19B7F-4352-498C-8907-E417F2F40681} = {110A3B7C-93A8-417E-91B8-F275E0E0448D}
		{B5AB2531-EB85-498C-B718-E73FEB95EF1D} = {E985A5F2-25AA-4529-B018-8255A1432107}
		{1E61A775-BAED-4E03-8542-7F8D94CD1F70} = {03F62BD2-9647-4EF5-B580-D74D7487F1F4}
		{B10E7EA2-9F56-4163-BB8F-C4506EA37E0E} = {03F62BD2-9647-4EF5-B580-D74D7487F1F4}
		{8D1363E6-35C0-4579-ABE7-371CA209006D} = {03F62BD2-9647-4EF5-B580-D74D7487F1F4}
		{18A37981-D083-4DF2-BD9D-56E427AA064A} = {E985A5F2-25AA-4529-B018-8255A1432107}
		{26404F70-B654-4C3F-8525-D591377AFC3F} = {E985A5F2-25AA-4529-B018-8255A1432107}
		{F10647EF-56F1-44DF-87F8-CEFE812EC184} = {B0D76B39-C0DE-45B4-BD82-9BB97D6A5748}
		{EE12F75A-B11D-4995-A8F5-C73215252F4D} = {B0D76B39-C0DE-45B4-BD82-9BB97D6A5748}
		{9755D864-3CB7-4654-9540-A2865FD6A4DC} = {3375795E-C2F7-4641-8002-5EB3DCE27C02}
		{EBEBBD05-62F9-4E8A-BAAD-E1949F698CC9} = {38FE2882-669B-4E24-83D1-644122D189D5}
		{3A6C0055-39FD-4ACD-8F21-6EB1A04283B9} = {38FE2882-669B-4E24-83D1-644122D189D5}
		{6D284F75-B062-4BC6-A61D-5D11AB44BBB0} = {38FE2882-669B-4E24-83D1-644122D189D5}
	EndGlobalSection
	GlobalSection(ExtensibilityGlobals) = postSolution
		SolutionGuid = {75EC4551-BDDA-44DC-B093-1C3F4BA400C8}
	EndGlobalSection
EndGlobal
